speakeasyVersion: 1.761.5
sources:
    asset-graph-source:
        sourceNamespace: asset-graph-source
        sourceRevisionDigest: sha256:7fb7d6f9fda68f579a2a2412c05920910d273ccf36bbba04093be6d54d6b8249
        sourceBlobDigest: sha256:dedfc43323e721aa73c4713b2fcf5297de2fbe66ee42ec9f02df6bee1e66754b
        tags:
            - latest
            - 1.0.8
    petstore-oas:
        sourceNamespace: petstore-oas
        sourceRevisionDigest: sha256:79b05b3c903377383b1ffff975c77201c984df00c5ebe24c3c0f20580776f8e1
        sourceBlobDigest: sha256:0a88ef48bace41abce14841a48ce1fbe15c0cc00ca41940d9c774db73a27211f
        tags:
            - latest
            - 1.0.0
targets:
    censys-asset-graph-sdk-go:
        source: asset-graph-source
        sourceNamespace: asset-graph-source
        sourceRevisionDigest: sha256:7fb7d6f9fda68f579a2a2412c05920910d273ccf36bbba04093be6d54d6b8249
        sourceBlobDigest: sha256:dedfc43323e721aa73c4713b2fcf5297de2fbe66ee42ec9f02df6bee1e66754b
        codeSamplesNamespace: asset-graph-source-go-code-samples
        codeSamplesRevisionDigest: sha256:f875a0f67561d694b0729ad2fefac6d22e651b90b161ea5ae813914bd3d1fca5
    petstore:
        source: petstore-oas
        sourceNamespace: petstore-oas
        sourceRevisionDigest: sha256:79b05b3c903377383b1ffff975c77201c984df00c5ebe24c3c0f20580776f8e1
        sourceBlobDigest: sha256:0a88ef48bace41abce14841a48ce1fbe15c0cc00ca41940d9c774db73a27211f
        codeSamplesNamespace: petstore-oas-go-code-samples
        codeSamplesRevisionDigest: sha256:39d37ca0925f6645429ba604bb2e973b31eb313ca55d5cdd98cef42b24ee5db9
workflow:
    workflowVersion: 1.0.0
    speakeasyVersion: latest
    sources:
        asset-graph-source:
            inputs:
                - location: https://github.com/censys/censys-asset-graph-sdk-openapi/releases/latest/download/openapi.yaml
            registry:
                location: registry.speakeasyapi.dev/censys/censys/asset-graph-source
    targets:
        censys-asset-graph-sdk-go:
            target: go
            source: asset-graph-source
            codeSamples:
                registry:
                    location: registry.speakeasyapi.dev/censys/censys/asset-graph-source-go-code-samples
                labelOverride:
                    fixedValue: Go (SDK)
                blocking: false
