speakeasyVersion: 1.761.1
sources:
    asset-graph-source:
        sourceNamespace: asset-graph-source
        sourceRevisionDigest: sha256:51cc6e05c0930556ef0ea7230ad9e55329c3014baa3854c4191575fd117be35c
        sourceBlobDigest: sha256:9ebdac3722134c47b2172f327a8a3c370ea0989dd2b7083788a8fcb1faea6d47
        tags:
            - latest
            - 1.0.6
    petstore-oas:
        sourceNamespace: petstore-oas
        sourceRevisionDigest: sha256:79b05b3c903377383b1ffff975c77201c984df00c5ebe24c3c0f20580776f8e1
        sourceBlobDigest: sha256:0a88ef48bace41abce14841a48ce1fbe15c0cc00ca41940d9c774db73a27211f
        tags:
            - latest
            - 1.0.0
targets:
    censys-asset-graph-sdk-go:
        source: asset-graph-source
        sourceNamespace: asset-graph-source
        sourceRevisionDigest: sha256:51cc6e05c0930556ef0ea7230ad9e55329c3014baa3854c4191575fd117be35c
        sourceBlobDigest: sha256:9ebdac3722134c47b2172f327a8a3c370ea0989dd2b7083788a8fcb1faea6d47
        codeSamplesNamespace: asset-graph-source-go-code-samples
        codeSamplesRevisionDigest: sha256:0437cf5d927d9b7510e69877e94ab37f9c836ea27d5762dda8a10d2a28a06d40
    petstore:
        source: petstore-oas
        sourceNamespace: petstore-oas
        sourceRevisionDigest: sha256:79b05b3c903377383b1ffff975c77201c984df00c5ebe24c3c0f20580776f8e1
        sourceBlobDigest: sha256:0a88ef48bace41abce14841a48ce1fbe15c0cc00ca41940d9c774db73a27211f
        codeSamplesNamespace: petstore-oas-go-code-samples
        codeSamplesRevisionDigest: sha256:39d37ca0925f6645429ba604bb2e973b31eb313ca55d5cdd98cef42b24ee5db9
workflow:
    workflowVersion: 1.0.0
    speakeasyVersion: latest
    sources:
        asset-graph-source:
            inputs:
                - location: https://github.com/censys/censys-asset-graph-sdk-openapi/releases/latest/download/openapi.yaml
            registry:
                location: registry.speakeasyapi.dev/censys/censys/asset-graph-source
    targets:
        censys-asset-graph-sdk-go:
            target: go
            source: asset-graph-source
            codeSamples:
                registry:
                    location: registry.speakeasyapi.dev/censys/censys/asset-graph-source-go-code-samples
                labelOverride:
                    fixedValue: Go (SDK)
                blocking: false
