speakeasyVersion: 1.761.1
sources:
    asset-graph-source:
        sourceNamespace: asset-graph-source
        sourceRevisionDigest: sha256:3e4aac7bd614878902c086b5124a06a37f2dcd5ef8bd2ab112de5bed18b321d3
        sourceBlobDigest: sha256:0a2999f88716131176dfe85ee64f2bfb9715067c5a293eedfd48bb5873f2c9ed
        tags:
            - latest
            - 1.0.4
    petstore-oas:
        sourceNamespace: petstore-oas
        sourceRevisionDigest: sha256:79b05b3c903377383b1ffff975c77201c984df00c5ebe24c3c0f20580776f8e1
        sourceBlobDigest: sha256:0a88ef48bace41abce14841a48ce1fbe15c0cc00ca41940d9c774db73a27211f
        tags:
            - latest
            - 1.0.0
targets:
    censys-asset-graph-sdk-go:
        source: asset-graph-source
        sourceNamespace: asset-graph-source
        sourceRevisionDigest: sha256:3e4aac7bd614878902c086b5124a06a37f2dcd5ef8bd2ab112de5bed18b321d3
        sourceBlobDigest: sha256:0a2999f88716131176dfe85ee64f2bfb9715067c5a293eedfd48bb5873f2c9ed
        codeSamplesNamespace: asset-graph-source-go-code-samples
        codeSamplesRevisionDigest: sha256:4f45ddf899597fdd50efccb14d245c73a56f70257c7070e3bc25559501ff6176
    petstore:
        source: petstore-oas
        sourceNamespace: petstore-oas
        sourceRevisionDigest: sha256:79b05b3c903377383b1ffff975c77201c984df00c5ebe24c3c0f20580776f8e1
        sourceBlobDigest: sha256:0a88ef48bace41abce14841a48ce1fbe15c0cc00ca41940d9c774db73a27211f
        codeSamplesNamespace: petstore-oas-go-code-samples
        codeSamplesRevisionDigest: sha256:39d37ca0925f6645429ba604bb2e973b31eb313ca55d5cdd98cef42b24ee5db9
workflow:
    workflowVersion: 1.0.0
    speakeasyVersion: latest
    sources:
        asset-graph-source:
            inputs:
                - location: https://github.com/censys/censys-asset-graph-sdk-openapi/releases/latest/download/openapi.yaml
            registry:
                location: registry.speakeasyapi.dev/censys/censys/asset-graph-source
    targets:
        censys-asset-graph-sdk-go:
            target: go
            source: asset-graph-source
            codeSamples:
                registry:
                    location: registry.speakeasyapi.dev/censys/censys/asset-graph-source-go-code-samples
                labelOverride:
                    fixedValue: Go (SDK)
                blocking: false
